
Microsoft Visual Studio Solution File, Format Version 11.00
# Visual Studio 2010
Project("{F14B399A-7131-4C87-9E4B-1186C45EF12D}") = "Report", "Report\Report.rptproj", "{33C6D737-8124-4E80-A0CB-E2E73728D032}"
EndProject
Global
	GlobalSection(SolutionConfigurationPlatforms) = preSolution
		Debug|Default = Debug|Default
		DebugLocal|Default = DebugLocal|Default
		Release|Default = Release|Default
	EndGlobalSection
	GlobalSection(ProjectConfigurationPlatforms) = postSolution
		{33C6D737-8124-4E80-A0CB-E2E73728D032}.Debug|Default.ActiveCfg = Debug
		{33C6D737-8124-4E80-A0CB-E2E73728D032}.Debug|Default.Build.0 = DebugLocal
		{33C6D737-8124-4E80-A0CB-E2E73728D032}.Debug|Default.Deploy.0 = DebugLocal
		{33C6D737-8124-4E80-A0CB-E2E73728D032}.DebugLocal|Default.ActiveCfg = DebugLocal
		{33C6D737-8124-4E80-A0CB-E2E73728D032}.DebugLocal|Default.Build.0 = DebugLocal
		{33C6D737-8124-4E80-A0CB-E2E73728D032}.Release|Default.ActiveCfg = Release
		{33C6D737-8124-4E80-A0CB-E2E73728D032}.Release|Default.Build.0 = Release
		{33C6D737-8124-4E80-A0CB-E2E73728D032}.Release|Default.Deploy.0 = Release
	EndGlobalSection
	GlobalSection(SolutionProperties) = preSolution
		HideSolutionNode = FALSE
	EndGlobalSection
EndGlobal
