
Microsoft Visual Studio Solution File, Format Version 12.00
# Visual Studio 14
VisualStudioVersion = 14.0.25123.0
MinimumVisualStudioVersion = 10.0.40219.1
Project("{FAE04EC0-301F-11D3-BF4B-00C04F79EFBC}") = "Web.Customize", "Customize\Web.Customize.csproj", "{EE22B4EA-E85E-42A0-BAA4-BBD99B619942}"
EndProject
Project("{2150E333-8FDC-42A3-9474-1A3956D46DE8}") = "Support", "Support", "{CFAD9A67-4B80-43EF-AD11-BA1007520AA6}"
EndProject
Project("{FAE04EC0-301F-11D3-BF4B-00C04F79EFBC}") = "Data", "Data\Data.csproj", "{23B3D0D9-0F5C-4FD7-BA7E-A9E0C53A86C9}"
EndProject
Project("{FAE04EC0-301F-11D3-BF4B-00C04F79EFBC}") = "Models.Customize", "Models.Customize\Models.Customize.csproj", "{D5D3B387-51F8-4DF6-9CC3-805B480853A2}"
EndProject
Project("{FAE04EC0-301F-11D3-BF4B-00C04F79EFBC}") = "Services.Customize", "Services.Customize\Services.Customize.csproj", "{0342BAFC-6CE8-42B5-B7DE-626A226F6665}"
EndProject
Project("{FAE04EC0-301F-11D3-BF4B-00C04F79EFBC}") = "ExceptionHandler", "..\Components\ExceptionHandler\Source\ExceptionHandler.csproj", "{82C76499-AD09-4F11-972C-485D76DF396C}"
EndProject
Project("{FAE04EC0-301F-11D3-BF4B-00C04F79EFBC}") = "Infrastructure", "..\Modules\Infrastructure\Infrastructure.csproj", "{5A880C5B-C73D-4715-A6E6-70A7DC484695}"
EndProject
Project("{FAE04EC0-301F-11D3-BF4B-00C04F79EFBC}") = "ProjLib", "..\Modules\ProjLib\Source\ProjLib.csproj", "{2D5DAC81-3374-4622-A5E4-7881DC0FC77C}"
EndProject
Project("{FAE04EC0-301F-11D3-BF4B-00C04F79EFBC}") = "Models.BasicSetup", "..\Modules\Basic Setup\Models.BasicSetup\Models.BasicSetup.csproj", "{E7B6F2DD-5845-431D-B065-7CA2C51C698A}"
EndProject
Project("{FAE04EC0-301F-11D3-BF4B-00C04F79EFBC}") = "Services.BasicSetup", "..\Modules\Basic Setup\Services.BasicSetup\Services.BasicSetup.csproj", "{2CB98992-0690-49D2-9ADE-DB76D5D77C73}"
EndProject
Project("{FAE04EC0-301F-11D3-BF4B-00C04F79EFBC}") = "Logger", "..\Components\Logger\Source\Logger.csproj", "{A68B18D0-67D6-414F-B38D-D4C7EDEB3907}"
EndProject
Project("{FAE04EC0-301F-11D3-BF4B-00C04F79EFBC}") = "TimePlanValidator", "..\Components\TimePlanValidator\TimePlanValidator.csproj", "{3EE7A6BE-4455-4F90-AB1E-5B2C50512D33}"
EndProject
Project("{FAE04EC0-301F-11D3-BF4B-00C04F79EFBC}") = "CookieNotifier", "..\Components\CookieNotifier\CookieNotifier.csproj", "{82E39C55-7466-4B30-9A63-1F5D85F9106C}"
EndProject
Project("{FAE04EC0-301F-11D3-BF4B-00C04F79EFBC}") = "DocumentPrint", "..\Modules\Reports\DocumentPrint\DocumentPrint.csproj", "{FBE8335B-F90B-4FA1-B394-690BA9CBFCE7}"
EndProject
Project("{FAE04EC0-301F-11D3-BF4B-00C04F79EFBC}") = "Notifier", "..\Components\Notifier\Source\Notifier.csproj", "{D301FF3B-3DFC-471C-A3D1-E77C2E53B7A5}"
EndProject
Project("{FAE04EC0-301F-11D3-BF4B-00C04F79EFBC}") = "Web.Login", "..\Modules\Login\Source\Web.Login\Web.Login.csproj", "{8D762011-DDD5-441F-891E-E10A28CB964B}"
EndProject
Project("{FAE04EC0-301F-11D3-BF4B-00C04F79EFBC}") = "Module", "..\Modules\Menu\Source\Module\Module.csproj", "{6AC74455-E331-4272-89DC-BEF204F4785D}"
EndProject
Project("{FAE04EC0-301F-11D3-BF4B-00C04F79EFBC}") = "Planning", "..\Source\Planning\Planning.csproj", "{920599F1-8192-4B4D-9609-6B2A0AEA28A3}"
EndProject
Project("{FAE04EC0-301F-11D3-BF4B-00C04F79EFBC}") = "Purchase", "..\Source\Purchase\Purchase.csproj", "{11197355-4C5A-4436-A29F-F25698AB622B}"
EndProject
Project("{FAE04EC0-301F-11D3-BF4B-00C04F79EFBC}") = "Sales", "..\Source\Sales\Sales.csproj", "{76BA55F8-4580-4D61-ABF4-19E85918D10C}"
EndProject
Project("{FAE04EC0-301F-11D3-BF4B-00C04F79EFBC}") = "Finance", "..\Source\Finance\Finance.csproj", "{C65642C8-720C-42A0-AEBD-F21AB4573E06}"
EndProject
Project("{FAE04EC0-301F-11D3-BF4B-00C04F79EFBC}") = "Store", "..\Source\Store\Store.csproj", "{EE9605BC-F77F-4041-A540-713D5EF204A8}"
EndProject
Global
	GlobalSection(SolutionConfigurationPlatforms) = preSolution
		Debug|Any CPU = Debug|Any CPU
		Release|Any CPU = Release|Any CPU
	EndGlobalSection
	GlobalSection(ProjectConfigurationPlatforms) = postSolution
		{EE22B4EA-E85E-42A0-BAA4-BBD99B619942}.Debug|Any CPU.ActiveCfg = Debug|Any CPU
		{EE22B4EA-E85E-42A0-BAA4-BBD99B619942}.Debug|Any CPU.Build.0 = Debug|Any CPU
		{EE22B4EA-E85E-42A0-BAA4-BBD99B619942}.Release|Any CPU.ActiveCfg = Release|Any CPU
		{EE22B4EA-E85E-42A0-BAA4-BBD99B619942}.Release|Any CPU.Build.0 = Release|Any CPU
		{23B3D0D9-0F5C-4FD7-BA7E-A9E0C53A86C9}.Debug|Any CPU.ActiveCfg = Debug|Any CPU
		{23B3D0D9-0F5C-4FD7-BA7E-A9E0C53A86C9}.Debug|Any CPU.Build.0 = Debug|Any CPU
		{23B3D0D9-0F5C-4FD7-BA7E-A9E0C53A86C9}.Release|Any CPU.ActiveCfg = Release|Any CPU
		{23B3D0D9-0F5C-4FD7-BA7E-A9E0C53A86C9}.Release|Any CPU.Build.0 = Release|Any CPU
		{D5D3B387-51F8-4DF6-9CC3-805B480853A2}.Debug|Any CPU.ActiveCfg = Debug|Any CPU
		{D5D3B387-51F8-4DF6-9CC3-805B480853A2}.Debug|Any CPU.Build.0 = Debug|Any CPU
		{D5D3B387-51F8-4DF6-9CC3-805B480853A2}.Release|Any CPU.ActiveCfg = Release|Any CPU
		{D5D3B387-51F8-4DF6-9CC3-805B480853A2}.Release|Any CPU.Build.0 = Release|Any CPU
		{0342BAFC-6CE8-42B5-B7DE-626A226F6665}.Debug|Any CPU.ActiveCfg = Debug|Any CPU
		{0342BAFC-6CE8-42B5-B7DE-626A226F6665}.Debug|Any CPU.Build.0 = Debug|Any CPU
		{0342BAFC-6CE8-42B5-B7DE-626A226F6665}.Release|Any CPU.ActiveCfg = Release|Any CPU
		{0342BAFC-6CE8-42B5-B7DE-626A226F6665}.Release|Any CPU.Build.0 = Release|Any CPU
		{82C76499-AD09-4F11-972C-485D76DF396C}.Debug|Any CPU.ActiveCfg = Debug|Any CPU
		{82C76499-AD09-4F11-972C-485D76DF396C}.Debug|Any CPU.Build.0 = Debug|Any CPU
		{82C76499-AD09-4F11-972C-485D76DF396C}.Release|Any CPU.ActiveCfg = Release|Any CPU
		{82C76499-AD09-4F11-972C-485D76DF396C}.Release|Any CPU.Build.0 = Release|Any CPU
		{5A880C5B-C73D-4715-A6E6-70A7DC484695}.Debug|Any CPU.ActiveCfg = Debug|Any CPU
		{5A880C5B-C73D-4715-A6E6-70A7DC484695}.Debug|Any CPU.Build.0 = Debug|Any CPU
		{5A880C5B-C73D-4715-A6E6-70A7DC484695}.Release|Any CPU.ActiveCfg = Release|Any CPU
		{5A880C5B-C73D-4715-A6E6-70A7DC484695}.Release|Any CPU.Build.0 = Release|Any CPU
		{2D5DAC81-3374-4622-A5E4-7881DC0FC77C}.Debug|Any CPU.ActiveCfg = Debug|Any CPU
		{2D5DAC81-3374-4622-A5E4-7881DC0FC77C}.Debug|Any CPU.Build.0 = Debug|Any CPU
		{2D5DAC81-3374-4622-A5E4-7881DC0FC77C}.Release|Any CPU.ActiveCfg = Release|Any CPU
		{2D5DAC81-3374-4622-A5E4-7881DC0FC77C}.Release|Any CPU.Build.0 = Release|Any CPU
		{E7B6F2DD-5845-431D-B065-7CA2C51C698A}.Debug|Any CPU.ActiveCfg = Debug|Any CPU
		{E7B6F2DD-5845-431D-B065-7CA2C51C698A}.Debug|Any CPU.Build.0 = Debug|Any CPU
		{E7B6F2DD-5845-431D-B065-7CA2C51C698A}.Release|Any CPU.ActiveCfg = Release|Any CPU
		{E7B6F2DD-5845-431D-B065-7CA2C51C698A}.Release|Any CPU.Build.0 = Release|Any CPU
		{2CB98992-0690-49D2-9ADE-DB76D5D77C73}.Debug|Any CPU.ActiveCfg = Debug|Any CPU
		{2CB98992-0690-49D2-9ADE-DB76D5D77C73}.Debug|Any CPU.Build.0 = Debug|Any CPU
		{2CB98992-0690-49D2-9ADE-DB76D5D77C73}.Release|Any CPU.ActiveCfg = Release|Any CPU
		{2CB98992-0690-49D2-9ADE-DB76D5D77C73}.Release|Any CPU.Build.0 = Release|Any CPU
		{A68B18D0-67D6-414F-B38D-D4C7EDEB3907}.Debug|Any CPU.ActiveCfg = Debug|Any CPU
		{A68B18D0-67D6-414F-B38D-D4C7EDEB3907}.Debug|Any CPU.Build.0 = Debug|Any CPU
		{A68B18D0-67D6-414F-B38D-D4C7EDEB3907}.Release|Any CPU.ActiveCfg = Release|Any CPU
		{A68B18D0-67D6-414F-B38D-D4C7EDEB3907}.Release|Any CPU.Build.0 = Release|Any CPU
		{3EE7A6BE-4455-4F90-AB1E-5B2C50512D33}.Debug|Any CPU.ActiveCfg = Debug|Any CPU
		{3EE7A6BE-4455-4F90-AB1E-5B2C50512D33}.Debug|Any CPU.Build.0 = Debug|Any CPU
		{3EE7A6BE-4455-4F90-AB1E-5B2C50512D33}.Release|Any CPU.ActiveCfg = Release|Any CPU
		{3EE7A6BE-4455-4F90-AB1E-5B2C50512D33}.Release|Any CPU.Build.0 = Release|Any CPU
		{82E39C55-7466-4B30-9A63-1F5D85F9106C}.Debug|Any CPU.ActiveCfg = Debug|Any CPU
		{82E39C55-7466-4B30-9A63-1F5D85F9106C}.Debug|Any CPU.Build.0 = Debug|Any CPU
		{82E39C55-7466-4B30-9A63-1F5D85F9106C}.Release|Any CPU.ActiveCfg = Release|Any CPU
		{82E39C55-7466-4B30-9A63-1F5D85F9106C}.Release|Any CPU.Build.0 = Release|Any CPU
		{FBE8335B-F90B-4FA1-B394-690BA9CBFCE7}.Debug|Any CPU.ActiveCfg = Debug|Any CPU
		{FBE8335B-F90B-4FA1-B394-690BA9CBFCE7}.Debug|Any CPU.Build.0 = Debug|Any CPU
		{FBE8335B-F90B-4FA1-B394-690BA9CBFCE7}.Release|Any CPU.ActiveCfg = Release|Any CPU
		{FBE8335B-F90B-4FA1-B394-690BA9CBFCE7}.Release|Any CPU.Build.0 = Release|Any CPU
		{D301FF3B-3DFC-471C-A3D1-E77C2E53B7A5}.Debug|Any CPU.ActiveCfg = Debug|Any CPU
		{D301FF3B-3DFC-471C-A3D1-E77C2E53B7A5}.Debug|Any CPU.Build.0 = Debug|Any CPU
		{D301FF3B-3DFC-471C-A3D1-E77C2E53B7A5}.Release|Any CPU.ActiveCfg = Release|Any CPU
		{D301FF3B-3DFC-471C-A3D1-E77C2E53B7A5}.Release|Any CPU.Build.0 = Release|Any CPU
		{8D762011-DDD5-441F-891E-E10A28CB964B}.Debug|Any CPU.ActiveCfg = Debug|Any CPU
		{8D762011-DDD5-441F-891E-E10A28CB964B}.Debug|Any CPU.Build.0 = Debug|Any CPU
		{8D762011-DDD5-441F-891E-E10A28CB964B}.Release|Any CPU.ActiveCfg = Release|Any CPU
		{8D762011-DDD5-441F-891E-E10A28CB964B}.Release|Any CPU.Build.0 = Release|Any CPU
		{6AC74455-E331-4272-89DC-BEF204F4785D}.Debug|Any CPU.ActiveCfg = Debug|Any CPU
		{6AC74455-E331-4272-89DC-BEF204F4785D}.Debug|Any CPU.Build.0 = Debug|Any CPU
		{6AC74455-E331-4272-89DC-BEF204F4785D}.Release|Any CPU.ActiveCfg = Release|Any CPU
		{6AC74455-E331-4272-89DC-BEF204F4785D}.Release|Any CPU.Build.0 = Release|Any CPU
		{920599F1-8192-4B4D-9609-6B2A0AEA28A3}.Debug|Any CPU.ActiveCfg = Debug|Any CPU
		{920599F1-8192-4B4D-9609-6B2A0AEA28A3}.Debug|Any CPU.Build.0 = Debug|Any CPU
		{920599F1-8192-4B4D-9609-6B2A0AEA28A3}.Release|Any CPU.ActiveCfg = Release|Any CPU
		{920599F1-8192-4B4D-9609-6B2A0AEA28A3}.Release|Any CPU.Build.0 = Release|Any CPU
		{11197355-4C5A-4436-A29F-F25698AB622B}.Debug|Any CPU.ActiveCfg = Debug|Any CPU
		{11197355-4C5A-4436-A29F-F25698AB622B}.Debug|Any CPU.Build.0 = Debug|Any CPU
		{11197355-4C5A-4436-A29F-F25698AB622B}.Release|Any CPU.ActiveCfg = Release|Any CPU
		{11197355-4C5A-4436-A29F-F25698AB622B}.Release|Any CPU.Build.0 = Release|Any CPU
		{76BA55F8-4580-4D61-ABF4-19E85918D10C}.Debug|Any CPU.ActiveCfg = Debug|Any CPU
		{76BA55F8-4580-4D61-ABF4-19E85918D10C}.Debug|Any CPU.Build.0 = Debug|Any CPU
		{76BA55F8-4580-4D61-ABF4-19E85918D10C}.Release|Any CPU.ActiveCfg = Release|Any CPU
		{76BA55F8-4580-4D61-ABF4-19E85918D10C}.Release|Any CPU.Build.0 = Release|Any CPU
		{C65642C8-720C-42A0-AEBD-F21AB4573E06}.Debug|Any CPU.ActiveCfg = Debug|Any CPU
		{C65642C8-720C-42A0-AEBD-F21AB4573E06}.Debug|Any CPU.Build.0 = Debug|Any CPU
		{C65642C8-720C-42A0-AEBD-F21AB4573E06}.Release|Any CPU.ActiveCfg = Release|Any CPU
		{C65642C8-720C-42A0-AEBD-F21AB4573E06}.Release|Any CPU.Build.0 = Release|Any CPU
		{EE9605BC-F77F-4041-A540-713D5EF204A8}.Debug|Any CPU.ActiveCfg = Debug|Any CPU
		{EE9605BC-F77F-4041-A540-713D5EF204A8}.Debug|Any CPU.Build.0 = Debug|Any CPU
		{EE9605BC-F77F-4041-A540-713D5EF204A8}.Release|Any CPU.ActiveCfg = Release|Any CPU
		{EE9605BC-F77F-4041-A540-713D5EF204A8}.Release|Any CPU.Build.0 = Release|Any CPU
	EndGlobalSection
	GlobalSection(SolutionProperties) = preSolution
		HideSolutionNode = FALSE
	EndGlobalSection
	GlobalSection(NestedProjects) = preSolution
		{82C76499-AD09-4F11-972C-485D76DF396C} = {CFAD9A67-4B80-43EF-AD11-BA1007520AA6}
		{5A880C5B-C73D-4715-A6E6-70A7DC484695} = {CFAD9A67-4B80-43EF-AD11-BA1007520AA6}
		{2D5DAC81-3374-4622-A5E4-7881DC0FC77C} = {CFAD9A67-4B80-43EF-AD11-BA1007520AA6}
		{E7B6F2DD-5845-431D-B065-7CA2C51C698A} = {CFAD9A67-4B80-43EF-AD11-BA1007520AA6}
		{2CB98992-0690-49D2-9ADE-DB76D5D77C73} = {CFAD9A67-4B80-43EF-AD11-BA1007520AA6}
		{A68B18D0-67D6-414F-B38D-D4C7EDEB3907} = {CFAD9A67-4B80-43EF-AD11-BA1007520AA6}
		{3EE7A6BE-4455-4F90-AB1E-5B2C50512D33} = {CFAD9A67-4B80-43EF-AD11-BA1007520AA6}
		{82E39C55-7466-4B30-9A63-1F5D85F9106C} = {CFAD9A67-4B80-43EF-AD11-BA1007520AA6}
		{FBE8335B-F90B-4FA1-B394-690BA9CBFCE7} = {CFAD9A67-4B80-43EF-AD11-BA1007520AA6}
		{D301FF3B-3DFC-471C-A3D1-E77C2E53B7A5} = {CFAD9A67-4B80-43EF-AD11-BA1007520AA6}
		{8D762011-DDD5-441F-891E-E10A28CB964B} = {CFAD9A67-4B80-43EF-AD11-BA1007520AA6}
		{6AC74455-E331-4272-89DC-BEF204F4785D} = {CFAD9A67-4B80-43EF-AD11-BA1007520AA6}
	EndGlobalSection
EndGlobal
