
Microsoft Visual Studio Solution File, Format Version 12.00
# Visual Studio 2013
VisualStudioVersion = 12.0.21005.1
MinimumVisualStudioVersion = 10.0.40219.1
Project("{FAE04EC0-301F-11D3-BF4B-00C04F79EFBC}") = "Models.Tasks", "Source\Models.Tasks\Models.Tasks.csproj", "{D888D7DA-557F-4D7E-9D07-33E6E8CD12DC}"
EndProject
Project("{FAE04EC0-301F-11D3-BF4B-00C04F79EFBC}") = "Services.Tasks", "Source\Services.Tasks\Services.Tasks.csproj", "{2699CBA6-0F4F-46BC-B1BB-A19CE9727B41}"
EndProject
Project("{FAE04EC0-301F-11D3-BF4B-00C04F79EFBC}") = "Web.TaskManagement", "Source\Web.TaskManagement\Web.TaskManagement.csproj", "{59921DA9-6379-44E9-844E-50CCDC126819}"
EndProject
Project("{2150E333-8FDC-42A3-9474-1A3956D46DE8}") = "Support", "Support", "{02EC4303-ABF0-475F-B626-DB64129C8652}"
EndProject
Project("{FAE04EC0-301F-11D3-BF4B-00C04F79EFBC}") = "ProjLib", "..\ProjLib\Source\ProjLib.csproj", "{2D5DAC81-3374-4622-A5E4-7881DC0FC77C}"
EndProject
Project("{FAE04EC0-301F-11D3-BF4B-00C04F79EFBC}") = "Notifier", "..\..\Components\Notifier\Source\Notifier.csproj", "{D301FF3B-3DFC-471C-A3D1-E77C2E53B7A5}"
EndProject
Project("{FAE04EC0-301F-11D3-BF4B-00C04F79EFBC}") = "Infrastructure", "..\Infrastructure\Infrastructure.csproj", "{5A880C5B-C73D-4715-A6E6-70A7DC484695}"
EndProject
Project("{FAE04EC0-301F-11D3-BF4B-00C04F79EFBC}") = "Logger", "..\..\Components\Logger\Source\Logger.csproj", "{A68B18D0-67D6-414F-B38D-D4C7EDEB3907}"
EndProject
Project("{FAE04EC0-301F-11D3-BF4B-00C04F79EFBC}") = "ExceptionHandler", "..\..\Components\ExceptionHandler\Source\ExceptionHandler.csproj", "{82C76499-AD09-4F11-972C-485D76DF396C}"
EndProject
Project("{FAE04EC0-301F-11D3-BF4B-00C04F79EFBC}") = "Data", "Data\Data.csproj", "{FF7E0B97-B2A3-404E-9A0E-11A9EB4ECEEF}"
EndProject
Project("{FAE04EC0-301F-11D3-BF4B-00C04F79EFBC}") = "Models.BasicSetup", "..\Basic Setup\Models.BasicSetup\Models.BasicSetup.csproj", "{E7B6F2DD-5845-431D-B065-7CA2C51C698A}"
EndProject
Project("{FAE04EC0-301F-11D3-BF4B-00C04F79EFBC}") = "Services.BasicSetup", "..\Basic Setup\Services.BasicSetup\Services.BasicSetup.csproj", "{2CB98992-0690-49D2-9ADE-DB76D5D77C73}"
EndProject
Global
	GlobalSection(SolutionConfigurationPlatforms) = preSolution
		Debug|Any CPU = Debug|Any CPU
		Release|Any CPU = Release|Any CPU
	EndGlobalSection
	GlobalSection(ProjectConfigurationPlatforms) = postSolution
		{D888D7DA-557F-4D7E-9D07-33E6E8CD12DC}.Debug|Any CPU.ActiveCfg = Debug|Any CPU
		{D888D7DA-557F-4D7E-9D07-33E6E8CD12DC}.Debug|Any CPU.Build.0 = Debug|Any CPU
		{D888D7DA-557F-4D7E-9D07-33E6E8CD12DC}.Release|Any CPU.ActiveCfg = Release|Any CPU
		{D888D7DA-557F-4D7E-9D07-33E6E8CD12DC}.Release|Any CPU.Build.0 = Release|Any CPU
		{2699CBA6-0F4F-46BC-B1BB-A19CE9727B41}.Debug|Any CPU.ActiveCfg = Debug|Any CPU
		{2699CBA6-0F4F-46BC-B1BB-A19CE9727B41}.Debug|Any CPU.Build.0 = Debug|Any CPU
		{2699CBA6-0F4F-46BC-B1BB-A19CE9727B41}.Release|Any CPU.ActiveCfg = Release|Any CPU
		{2699CBA6-0F4F-46BC-B1BB-A19CE9727B41}.Release|Any CPU.Build.0 = Release|Any CPU
		{59921DA9-6379-44E9-844E-50CCDC126819}.Debug|Any CPU.ActiveCfg = Debug|Any CPU
		{59921DA9-6379-44E9-844E-50CCDC126819}.Debug|Any CPU.Build.0 = Debug|Any CPU
		{59921DA9-6379-44E9-844E-50CCDC126819}.Release|Any CPU.ActiveCfg = Release|Any CPU
		{59921DA9-6379-44E9-844E-50CCDC126819}.Release|Any CPU.Build.0 = Release|Any CPU
		{2D5DAC81-3374-4622-A5E4-7881DC0FC77C}.Debug|Any CPU.ActiveCfg = Debug|Any CPU
		{2D5DAC81-3374-4622-A5E4-7881DC0FC77C}.Debug|Any CPU.Build.0 = Debug|Any CPU
		{2D5DAC81-3374-4622-A5E4-7881DC0FC77C}.Release|Any CPU.ActiveCfg = Release|Any CPU
		{2D5DAC81-3374-4622-A5E4-7881DC0FC77C}.Release|Any CPU.Build.0 = Release|Any CPU
		{D301FF3B-3DFC-471C-A3D1-E77C2E53B7A5}.Debug|Any CPU.ActiveCfg = Debug|Any CPU
		{D301FF3B-3DFC-471C-A3D1-E77C2E53B7A5}.Debug|Any CPU.Build.0 = Debug|Any CPU
		{D301FF3B-3DFC-471C-A3D1-E77C2E53B7A5}.Release|Any CPU.ActiveCfg = Release|Any CPU
		{D301FF3B-3DFC-471C-A3D1-E77C2E53B7A5}.Release|Any CPU.Build.0 = Release|Any CPU
		{5A880C5B-C73D-4715-A6E6-70A7DC484695}.Debug|Any CPU.ActiveCfg = Debug|Any CPU
		{5A880C5B-C73D-4715-A6E6-70A7DC484695}.Debug|Any CPU.Build.0 = Debug|Any CPU
		{5A880C5B-C73D-4715-A6E6-70A7DC484695}.Release|Any CPU.ActiveCfg = Release|Any CPU
		{5A880C5B-C73D-4715-A6E6-70A7DC484695}.Release|Any CPU.Build.0 = Release|Any CPU
		{A68B18D0-67D6-414F-B38D-D4C7EDEB3907}.Debug|Any CPU.ActiveCfg = Debug|Any CPU
		{A68B18D0-67D6-414F-B38D-D4C7EDEB3907}.Debug|Any CPU.Build.0 = Debug|Any CPU
		{A68B18D0-67D6-414F-B38D-D4C7EDEB3907}.Release|Any CPU.ActiveCfg = Release|Any CPU
		{A68B18D0-67D6-414F-B38D-D4C7EDEB3907}.Release|Any CPU.Build.0 = Release|Any CPU
		{82C76499-AD09-4F11-972C-485D76DF396C}.Debug|Any CPU.ActiveCfg = Debug|Any CPU
		{82C76499-AD09-4F11-972C-485D76DF396C}.Debug|Any CPU.Build.0 = Debug|Any CPU
		{82C76499-AD09-4F11-972C-485D76DF396C}.Release|Any CPU.ActiveCfg = Release|Any CPU
		{82C76499-AD09-4F11-972C-485D76DF396C}.Release|Any CPU.Build.0 = Release|Any CPU
		{FF7E0B97-B2A3-404E-9A0E-11A9EB4ECEEF}.Debug|Any CPU.ActiveCfg = Debug|Any CPU
		{FF7E0B97-B2A3-404E-9A0E-11A9EB4ECEEF}.Debug|Any CPU.Build.0 = Debug|Any CPU
		{FF7E0B97-B2A3-404E-9A0E-11A9EB4ECEEF}.Release|Any CPU.ActiveCfg = Release|Any CPU
		{FF7E0B97-B2A3-404E-9A0E-11A9EB4ECEEF}.Release|Any CPU.Build.0 = Release|Any CPU
		{E7B6F2DD-5845-431D-B065-7CA2C51C698A}.Debug|Any CPU.ActiveCfg = Debug|Any CPU
		{E7B6F2DD-5845-431D-B065-7CA2C51C698A}.Debug|Any CPU.Build.0 = Debug|Any CPU
		{E7B6F2DD-5845-431D-B065-7CA2C51C698A}.Release|Any CPU.ActiveCfg = Release|Any CPU
		{E7B6F2DD-5845-431D-B065-7CA2C51C698A}.Release|Any CPU.Build.0 = Release|Any CPU
		{2CB98992-0690-49D2-9ADE-DB76D5D77C73}.Debug|Any CPU.ActiveCfg = Debug|Any CPU
		{2CB98992-0690-49D2-9ADE-DB76D5D77C73}.Debug|Any CPU.Build.0 = Debug|Any CPU
		{2CB98992-0690-49D2-9ADE-DB76D5D77C73}.Release|Any CPU.ActiveCfg = Release|Any CPU
		{2CB98992-0690-49D2-9ADE-DB76D5D77C73}.Release|Any CPU.Build.0 = Release|Any CPU
	EndGlobalSection
	GlobalSection(SolutionProperties) = preSolution
		HideSolutionNode = FALSE
	EndGlobalSection
	GlobalSection(NestedProjects) = preSolution
		{2D5DAC81-3374-4622-A5E4-7881DC0FC77C} = {02EC4303-ABF0-475F-B626-DB64129C8652}
		{D301FF3B-3DFC-471C-A3D1-E77C2E53B7A5} = {02EC4303-ABF0-475F-B626-DB64129C8652}
		{5A880C5B-C73D-4715-A6E6-70A7DC484695} = {02EC4303-ABF0-475F-B626-DB64129C8652}
		{A68B18D0-67D6-414F-B38D-D4C7EDEB3907} = {02EC4303-ABF0-475F-B626-DB64129C8652}
		{82C76499-AD09-4F11-972C-485D76DF396C} = {02EC4303-ABF0-475F-B626-DB64129C8652}
		{E7B6F2DD-5845-431D-B065-7CA2C51C698A} = {02EC4303-ABF0-475F-B626-DB64129C8652}
		{2CB98992-0690-49D2-9ADE-DB76D5D77C73} = {02EC4303-ABF0-475F-B626-DB64129C8652}
	EndGlobalSection
EndGlobal
