
Microsoft Visual Studio Solution File, Format Version 12.00
# Visual Studio 2013
VisualStudioVersion = 12.0.21005.1
MinimumVisualStudioVersion = 10.0.40219.1
Project("{FAE04EC0-301F-11D3-BF4B-00C04F79EFBC}") = "Web.AdminSetup", "Source\Module\Web.AdminSetup.csproj", "{09A4B7D1-D958-4056-954B-910FDA10AA48}"
EndProject
Project("{FAE04EC0-301F-11D3-BF4B-00C04F79EFBC}") = "Models.AdminSetup", "AdminSetup.Models\Models.AdminSetup.csproj", "{FA42A1F8-5571-47D4-85F5-8056EA08FE09}"
EndProject
Project("{FAE04EC0-301F-11D3-BF4B-00C04F79EFBC}") = "Services.AdminSetup", "Services.AdminSetup\Services.AdminSetup.csproj", "{3A56D162-54DF-4BBC-876E-93CB30952593}"
EndProject
Project("{2150E333-8FDC-42A3-9474-1A3956D46DE8}") = "Support", "Support", "{B6B3B9A2-644B-48D8-A645-2DE1E31F61C9}"
EndProject
Project("{FAE04EC0-301F-11D3-BF4B-00C04F79EFBC}") = "Infrastructure", "..\Infrastructure\Infrastructure.csproj", "{5A880C5B-C73D-4715-A6E6-70A7DC484695}"
EndProject
Project("{FAE04EC0-301F-11D3-BF4B-00C04F79EFBC}") = "Notifier", "..\..\Components\Notifier\Source\Notifier.csproj", "{D301FF3B-3DFC-471C-A3D1-E77C2E53B7A5}"
EndProject
Project("{FAE04EC0-301F-11D3-BF4B-00C04F79EFBC}") = "ProjLib", "..\ProjLib\Source\ProjLib.csproj", "{2D5DAC81-3374-4622-A5E4-7881DC0FC77C}"
EndProject
Project("{FAE04EC0-301F-11D3-BF4B-00C04F79EFBC}") = "ExceptionHandler", "..\..\Components\ExceptionHandler\Source\ExceptionHandler.csproj", "{82C76499-AD09-4F11-972C-485D76DF396C}"
EndProject
Project("{FAE04EC0-301F-11D3-BF4B-00C04F79EFBC}") = "Data", "Data\Data.csproj", "{DB254004-EBD5-470D-BA5B-F339A3CC1FAA}"
EndProject
Project("{FAE04EC0-301F-11D3-BF4B-00C04F79EFBC}") = "Logger", "..\..\Components\Logger\Source\Logger.csproj", "{A68B18D0-67D6-414F-B38D-D4C7EDEB3907}"
EndProject
Project("{FAE04EC0-301F-11D3-BF4B-00C04F79EFBC}") = "Models.BasicSetup", "..\Basic Setup\Models.BasicSetup\Models.BasicSetup.csproj", "{E7B6F2DD-5845-431D-B065-7CA2C51C698A}"
EndProject
Project("{FAE04EC0-301F-11D3-BF4B-00C04F79EFBC}") = "Services.BasicSetup", "..\Basic Setup\Services.BasicSetup\Services.BasicSetup.csproj", "{2CB98992-0690-49D2-9ADE-DB76D5D77C73}"
EndProject
Project("{FAE04EC0-301F-11D3-BF4B-00C04F79EFBC}") = "PermissionValidator", "..\..\Components\PermissionValidator\PermissionValidator.csproj", "{88E00732-E1C4-44C3-8920-C46F9A6B8E95}"
EndProject
Global
	GlobalSection(SolutionConfigurationPlatforms) = preSolution
		Debug|Any CPU = Debug|Any CPU
		Release|Any CPU = Release|Any CPU
	EndGlobalSection
	GlobalSection(ProjectConfigurationPlatforms) = postSolution
		{09A4B7D1-D958-4056-954B-910FDA10AA48}.Debug|Any CPU.ActiveCfg = Debug|Any CPU
		{09A4B7D1-D958-4056-954B-910FDA10AA48}.Debug|Any CPU.Build.0 = Debug|Any CPU
		{09A4B7D1-D958-4056-954B-910FDA10AA48}.Release|Any CPU.ActiveCfg = Release|Any CPU
		{09A4B7D1-D958-4056-954B-910FDA10AA48}.Release|Any CPU.Build.0 = Release|Any CPU
		{FA42A1F8-5571-47D4-85F5-8056EA08FE09}.Debug|Any CPU.ActiveCfg = Debug|Any CPU
		{FA42A1F8-5571-47D4-85F5-8056EA08FE09}.Debug|Any CPU.Build.0 = Debug|Any CPU
		{FA42A1F8-5571-47D4-85F5-8056EA08FE09}.Release|Any CPU.ActiveCfg = Release|Any CPU
		{FA42A1F8-5571-47D4-85F5-8056EA08FE09}.Release|Any CPU.Build.0 = Release|Any CPU
		{3A56D162-54DF-4BBC-876E-93CB30952593}.Debug|Any CPU.ActiveCfg = Debug|Any CPU
		{3A56D162-54DF-4BBC-876E-93CB30952593}.Debug|Any CPU.Build.0 = Debug|Any CPU
		{3A56D162-54DF-4BBC-876E-93CB30952593}.Release|Any CPU.ActiveCfg = Release|Any CPU
		{3A56D162-54DF-4BBC-876E-93CB30952593}.Release|Any CPU.Build.0 = Release|Any CPU
		{5A880C5B-C73D-4715-A6E6-70A7DC484695}.Debug|Any CPU.ActiveCfg = Debug|Any CPU
		{5A880C5B-C73D-4715-A6E6-70A7DC484695}.Debug|Any CPU.Build.0 = Debug|Any CPU
		{5A880C5B-C73D-4715-A6E6-70A7DC484695}.Release|Any CPU.ActiveCfg = Release|Any CPU
		{5A880C5B-C73D-4715-A6E6-70A7DC484695}.Release|Any CPU.Build.0 = Release|Any CPU
		{D301FF3B-3DFC-471C-A3D1-E77C2E53B7A5}.Debug|Any CPU.ActiveCfg = Debug|Any CPU
		{D301FF3B-3DFC-471C-A3D1-E77C2E53B7A5}.Debug|Any CPU.Build.0 = Debug|Any CPU
		{D301FF3B-3DFC-471C-A3D1-E77C2E53B7A5}.Release|Any CPU.ActiveCfg = Release|Any CPU
		{D301FF3B-3DFC-471C-A3D1-E77C2E53B7A5}.Release|Any CPU.Build.0 = Release|Any CPU
		{2D5DAC81-3374-4622-A5E4-7881DC0FC77C}.Debug|Any CPU.ActiveCfg = Debug|Any CPU
		{2D5DAC81-3374-4622-A5E4-7881DC0FC77C}.Debug|Any CPU.Build.0 = Debug|Any CPU
		{2D5DAC81-3374-4622-A5E4-7881DC0FC77C}.Release|Any CPU.ActiveCfg = Release|Any CPU
		{2D5DAC81-3374-4622-A5E4-7881DC0FC77C}.Release|Any CPU.Build.0 = Release|Any CPU
		{82C76499-AD09-4F11-972C-485D76DF396C}.Debug|Any CPU.ActiveCfg = Debug|Any CPU
		{82C76499-AD09-4F11-972C-485D76DF396C}.Debug|Any CPU.Build.0 = Debug|Any CPU
		{82C76499-AD09-4F11-972C-485D76DF396C}.Release|Any CPU.ActiveCfg = Release|Any CPU
		{82C76499-AD09-4F11-972C-485D76DF396C}.Release|Any CPU.Build.0 = Release|Any CPU
		{DB254004-EBD5-470D-BA5B-F339A3CC1FAA}.Debug|Any CPU.ActiveCfg = Debug|Any CPU
		{DB254004-EBD5-470D-BA5B-F339A3CC1FAA}.Debug|Any CPU.Build.0 = Debug|Any CPU
		{DB254004-EBD5-470D-BA5B-F339A3CC1FAA}.Release|Any CPU.ActiveCfg = Release|Any CPU
		{DB254004-EBD5-470D-BA5B-F339A3CC1FAA}.Release|Any CPU.Build.0 = Release|Any CPU
		{A68B18D0-67D6-414F-B38D-D4C7EDEB3907}.Debug|Any CPU.ActiveCfg = Debug|Any CPU
		{A68B18D0-67D6-414F-B38D-D4C7EDEB3907}.Debug|Any CPU.Build.0 = Debug|Any CPU
		{A68B18D0-67D6-414F-B38D-D4C7EDEB3907}.Release|Any CPU.ActiveCfg = Release|Any CPU
		{A68B18D0-67D6-414F-B38D-D4C7EDEB3907}.Release|Any CPU.Build.0 = Release|Any CPU
		{E7B6F2DD-5845-431D-B065-7CA2C51C698A}.Debug|Any CPU.ActiveCfg = Debug|Any CPU
		{E7B6F2DD-5845-431D-B065-7CA2C51C698A}.Debug|Any CPU.Build.0 = Debug|Any CPU
		{E7B6F2DD-5845-431D-B065-7CA2C51C698A}.Release|Any CPU.ActiveCfg = Release|Any CPU
		{E7B6F2DD-5845-431D-B065-7CA2C51C698A}.Release|Any CPU.Build.0 = Release|Any CPU
		{2CB98992-0690-49D2-9ADE-DB76D5D77C73}.Debug|Any CPU.ActiveCfg = Debug|Any CPU
		{2CB98992-0690-49D2-9ADE-DB76D5D77C73}.Debug|Any CPU.Build.0 = Debug|Any CPU
		{2CB98992-0690-49D2-9ADE-DB76D5D77C73}.Release|Any CPU.ActiveCfg = Release|Any CPU
		{2CB98992-0690-49D2-9ADE-DB76D5D77C73}.Release|Any CPU.Build.0 = Release|Any CPU
		{88E00732-E1C4-44C3-8920-C46F9A6B8E95}.Debug|Any CPU.ActiveCfg = Debug|Any CPU
		{88E00732-E1C4-44C3-8920-C46F9A6B8E95}.Debug|Any CPU.Build.0 = Debug|Any CPU
		{88E00732-E1C4-44C3-8920-C46F9A6B8E95}.Release|Any CPU.ActiveCfg = Release|Any CPU
		{88E00732-E1C4-44C3-8920-C46F9A6B8E95}.Release|Any CPU.Build.0 = Release|Any CPU
	EndGlobalSection
	GlobalSection(SolutionProperties) = preSolution
		HideSolutionNode = FALSE
	EndGlobalSection
	GlobalSection(NestedProjects) = preSolution
		{5A880C5B-C73D-4715-A6E6-70A7DC484695} = {B6B3B9A2-644B-48D8-A645-2DE1E31F61C9}
		{D301FF3B-3DFC-471C-A3D1-E77C2E53B7A5} = {B6B3B9A2-644B-48D8-A645-2DE1E31F61C9}
		{2D5DAC81-3374-4622-A5E4-7881DC0FC77C} = {B6B3B9A2-644B-48D8-A645-2DE1E31F61C9}
		{82C76499-AD09-4F11-972C-485D76DF396C} = {B6B3B9A2-644B-48D8-A645-2DE1E31F61C9}
		{A68B18D0-67D6-414F-B38D-D4C7EDEB3907} = {B6B3B9A2-644B-48D8-A645-2DE1E31F61C9}
		{E7B6F2DD-5845-431D-B065-7CA2C51C698A} = {B6B3B9A2-644B-48D8-A645-2DE1E31F61C9}
		{2CB98992-0690-49D2-9ADE-DB76D5D77C73} = {B6B3B9A2-644B-48D8-A645-2DE1E31F61C9}
		{88E00732-E1C4-44C3-8920-C46F9A6B8E95} = {B6B3B9A2-644B-48D8-A645-2DE1E31F61C9}
	EndGlobalSection
EndGlobal
