
Microsoft Visual Studio Solution File, Format Version 12.00
# Visual Studio 2013
VisualStudioVersion = 12.0.21005.1
MinimumVisualStudioVersion = 10.0.40219.1
Project("{FAE04EC0-301F-11D3-BF4B-00C04F79EFBC}") = "JTable", "JTable\JTable.csproj", "{916D0AF9-3147-4504-8560-07C8342D139E}"
EndProject
Project("{FAE04EC0-301F-11D3-BF4B-00C04F79EFBC}") = "jTableSampleDatabaseLayer", "jTableSampleDatabaseLayer\jTableSampleDatabaseLayer.csproj", "{16C37FAB-5DC5-4728-84ED-2A4D710AC985}"
EndProject
Global
	GlobalSection(SolutionConfigurationPlatforms) = preSolution
		Debug|Any CPU = Debug|Any CPU
		Release|Any CPU = Release|Any CPU
	EndGlobalSection
	GlobalSection(ProjectConfigurationPlatforms) = postSolution
		{916D0AF9-3147-4504-8560-07C8342D139E}.Debug|Any CPU.ActiveCfg = Debug|Any CPU
		{916D0AF9-3147-4504-8560-07C8342D139E}.Debug|Any CPU.Build.0 = Debug|Any CPU
		{916D0AF9-3147-4504-8560-07C8342D139E}.Release|Any CPU.ActiveCfg = Release|Any CPU
		{916D0AF9-3147-4504-8560-07C8342D139E}.Release|Any CPU.Build.0 = Release|Any CPU
		{16C37FAB-5DC5-4728-84ED-2A4D710AC985}.Debug|Any CPU.ActiveCfg = Debug|Any CPU
		{16C37FAB-5DC5-4728-84ED-2A4D710AC985}.Debug|Any CPU.Build.0 = Debug|Any CPU
		{16C37FAB-5DC5-4728-84ED-2A4D710AC985}.Release|Any CPU.ActiveCfg = Release|Any CPU
		{16C37FAB-5DC5-4728-84ED-2A4D710AC985}.Release|Any CPU.Build.0 = Release|Any CPU
	EndGlobalSection
	GlobalSection(SolutionProperties) = preSolution
		HideSolutionNode = FALSE
	EndGlobalSection
EndGlobal
